// !$*UTF8*$!
{
	archiveVersion = 1;
	classes = {
	};
	objectVersion = 56;
	objects = {

/* Begin PBXBuildFile section */
		182AF19729ED2221006643ED /* AppDelegate.swift in Sources */ = {isa = PBXBuildFile; fileRef = 182AF19629ED2221006643ED /* AppDelegate.swift */; };
		182AF19929ED2221006643ED /* SceneDelegate.swift in Sources */ = {isa = PBXBuildFile; fileRef = 182AF19829ED2221006643ED /* SceneDelegate.swift */; };
		182AF19B29ED2221006643ED /* StartViewController.swift in Sources */ = {isa = PBXBuildFile; fileRef = 182AF19A29ED2221006643ED /* StartViewController.swift */; };
		182AF19E29ED2221006643ED /* Main.storyboard in Resources */ = {isa = PBXBuildFile; fileRef = 182AF19C29ED2221006643ED /* Main.storyboard */; };
		182AF1A329ED2221006643ED /* Assets.xcassets in Resources */ = {isa = PBXBuildFile; fileRef = 182AF1A229ED2221006643ED /* Assets.xcassets */; };
		182AF1B129ED2222006643ED /* PlankRecTests.swift in Sources */ = {isa = PBXBuildFile; fileRef = 182AF1B029ED2222006643ED /* PlankRecTests.swift */; };
		182AF1BB29ED2222006643ED /* PlankRecUITests.swift in Sources */ = {isa = PBXBuildFile; fileRef = 182AF1BA29ED2222006643ED /* PlankRecUITests.swift */; };
		182AF1BD29ED2222006643ED /* PlankRecUITestsLaunchTests.swift in Sources */ = {isa = PBXBuildFile; fileRef = 182AF1BC29ED2222006643ED /* PlankRecUITestsLaunchTests.swift */; };
		182AF1CA29ED244F006643ED /* PlankViewController.swift in Sources */ = {isa = PBXBuildFile; fileRef = 182AF1C929ED244F006643ED /* PlankViewController.swift */; };
		182AF1CC29ED246B006643ED /* RecTableViewController.swift in Sources */ = {isa = PBXBuildFile; fileRef = 182AF1CB29ED246B006643ED /* RecTableViewController.swift */; };
		182AF1CF29ED4617006643ED /* DataModel.xcdatamodeld in Sources */ = {isa = PBXBuildFile; fileRef = 182AF1CD29ED4617006643ED /* DataModel.xcdatamodeld */; };
		185907C329EE8883001C0848 /* AQI.swift in Sources */ = {isa = PBXBuildFile; fileRef = 185907C229EE8883001C0848 /* AQI.swift */; };
		185907C529EECA74001C0848 /* PlankTime.swift in Sources */ = {isa = PBXBuildFile; fileRef = 185907C429EECA74001C0848 /* PlankTime.swift */; };
		4FFCEE93C2CA8E63ACC53C49 /* Pods_PlankRec_PlankRecUITests.framework in Frameworks */ = {isa = PBXBuildFile; fileRef = A26AF85338DF417A5C270E24 /* Pods_PlankRec_PlankRecUITests.framework */; };
		AE3D89BC35DA0403C015194C /* Pods_PlankRec.framework in Frameworks */ = {isa = PBXBuildFile; fileRef = A1ECFA4E6015AD651D285B7D /* Pods_PlankRec.framework */; };
		D7F1655E26D7C552A2C5593D /* Pods_PlankRecTests.framework in Frameworks */ = {isa = PBXBuildFile; fileRef = 64F10689712E4FBBB8F980AE /* Pods_PlankRecTests.framework */; };
/* End PBXBuildFile section */

/* Begin PBXContainerItemProxy section */
		182AF1AD29ED2222006643ED /* PBXContainerItemProxy */ = {
			isa = PBXContainerItemProxy;
			containerPortal = 182AF18B29ED2220006643ED /* Project object */;
			proxyType = 1;
			remoteGlobalIDString = 182AF19229ED2220006643ED;
			remoteInfo = PlankRec;
		};
		182AF1B729ED2222006643ED /* PBXContainerItemProxy */ = {
			isa = PBXContainerItemProxy;
			containerPortal = 182AF18B29ED2220006643ED /* Project object */;
			proxyType = 1;
			remoteGlobalIDString = 182AF19229ED2220006643ED;
			remoteInfo = PlankRec;
		};
/* End PBXContainerItemProxy section */

/* Begin PBXFileReference section */
		182AF19329ED2220006643ED /* PlankRec.app */ = {isa = PBXFileReference; explicitFileType = wrapper.application; includeInIndex = 0; path = PlankRec.app; sourceTree = BUILT_PRODUCTS_DIR; };
		182AF19629ED2221006643ED /* AppDelegate.swift */ = {isa = PBXFileReference; lastKnownFileType = sourcecode.swift; path = AppDelegate.swift; sourceTree = "<group>"; };
		182AF19829ED2221006643ED /* SceneDelegate.swift */ = {isa = PBXFileReference; lastKnownFileType = sourcecode.swift; path = SceneDelegate.swift; sourceTree = "<group>"; };
		182AF19A29ED2221006643ED /* StartViewController.swift */ = {isa = PBXFileReference; lastKnownFileType = sourcecode.swift; path = StartViewController.swift; sourceTree = "<group>"; };
		182AF19D29ED2221006643ED /* Base */ = {isa = PBXFileReference; lastKnownFileType = file.storyboard; name = Base; path = Base.lproj/Main.storyboard; sourceTree = "<group>"; };
		182AF1A229ED2221006643ED /* Assets.xcassets */ = {isa = PBXFileReference; lastKnownFileType = folder.assetcatalog; path = Assets.xcassets; sourceTree = "<group>"; };
		182AF1A729ED2221006643ED /* Info.plist */ = {isa = PBXFileReference; lastKnownFileType = text.plist.xml; path = Info.plist; sourceTree = "<group>"; };
		182AF1AC29ED2222006643ED /* PlankRecTests.xctest */ = {isa = PBXFileReference; explicitFileType = wrapper.cfbundle; includeInIndex = 0; path = PlankRecTests.xctest; sourceTree = BUILT_PRODUCTS_DIR; };
		182AF1B029ED2222006643ED /* PlankRecTests.swift */ = {isa = PBXFileReference; lastKnownFileType = sourcecode.swift; path = PlankRecTests.swift; sourceTree = "<group>"; };
		182AF1B629ED2222006643ED /* PlankRecUITests.xctest */ = {isa = PBXFileReference; explicitFileType = wrapper.cfbundle; includeInIndex = 0; path = PlankRecUITests.xctest; sourceTree = BUILT_PRODUCTS_DIR; };
		182AF1BA29ED2222006643ED /* PlankRecUITests.swift */ = {isa = PBXFileReference; lastKnownFileType = sourcecode.swift; path = PlankRecUITests.swift; sourceTree = "<group>"; };
		182AF1BC29ED2222006643ED /* PlankRecUITestsLaunchTests.swift */ = {isa = PBXFileReference; lastKnownFileType = sourcecode.swift; path = PlankRecUITestsLaunchTests.swift; sourceTree = "<group>"; };
		182AF1C929ED244F006643ED /* PlankViewController.swift */ = {isa = PBXFileReference; lastKnownFileType = sourcecode.swift; path = PlankViewController.swift; sourceTree = "<group>"; };
		182AF1CB29ED246B006643ED /* RecTableViewController.swift */ = {isa = PBXFileReference; lastKnownFileType = sourcecode.swift; path = RecTableViewController.swift; sourceTree = "<group>"; };
		182AF1CE29ED4617006643ED /* DataModel.xcdatamodel */ = {isa = PBXFileReference; lastKnownFileType = wrapper.xcdatamodel; path = DataModel.xcdatamodel; sourceTree = "<group>"; };
		185907C229EE8883001C0848 /* AQI.swift */ = {isa = PBXFileReference; lastKnownFileType = sourcecode.swift; path = AQI.swift; sourceTree = "<group>"; };
		185907C429EECA74001C0848 /* PlankTime.swift */ = {isa = PBXFileReference; lastKnownFileType = sourcecode.swift; path = PlankTime.swift; sourceTree = "<group>"; };
		2D3D98804EB9A6A49DE17CE6 /* Pods-PlankRecTests.debug.xcconfig */ = {isa = PBXFileReference; includeInIndex = 1; lastKnownFileType = text.xcconfig; name = "Pods-PlankRecTests.debug.xcconfig"; path = "Target Support Files/Pods-PlankRecTests/Pods-PlankRecTests.debug.xcconfig"; sourceTree = "<group>"; };
		58D3BA4F5CEF8C09B7FFBCB4 /* Pods-PlankRec-PlankRecUITests.debug.xcconfig */ = {isa = PBXFileReference; includeInIndex = 1; lastKnownFileType = text.xcconfig; name = "Pods-PlankRec-PlankRecUITests.debug.xcconfig"; path = "Target Support Files/Pods-PlankRec-PlankRecUITests/Pods-PlankRec-PlankRecUITests.debug.xcconfig"; sourceTree = "<group>"; };
		64F10689712E4FBBB8F980AE /* Pods_PlankRecTests.framework */ = {isa = PBXFileReference; explicitFileType = wrapper.framework; includeInIndex = 0; path = Pods_PlankRecTests.framework; sourceTree = BUILT_PRODUCTS_DIR; };
		A1ECFA4E6015AD651D285B7D /* Pods_PlankRec.framework */ = {isa = PBXFileReference; explicitFileType = wrapper.framework; includeInIndex = 0; path = Pods_PlankRec.framework; sourceTree = BUILT_PRODUCTS_DIR; };
		A26AF85338DF417A5C270E24 /* Pods_PlankRec_PlankRecUITests.framework */ = {isa = PBXFileReference; explicitFileType = wrapper.framework; includeInIndex = 0; path = Pods_PlankRec_PlankRecUITests.framework; sourceTree = BUILT_PRODUCTS_DIR; };
		AED8B68FD54A187AB86C69E9 /* Pods-PlankRec.release.xcconfig */ = {isa = PBXFileReference; includeInIndex = 1; lastKnownFileType = text.xcconfig; name = "Pods-PlankRec.release.xcconfig"; path = "Target Support Files/Pods-PlankRec/Pods-PlankRec.release.xcconfig"; sourceTree = "<group>"; };
		BD26EFC2CDC0B4D3C3A5224E /* Pods-PlankRecTests.release.xcconfig */ = {isa = PBXFileReference; includeInIndex = 1; lastKnownFileType = text.xcconfig; name = "Pods-PlankRecTests.release.xcconfig"; path = "Target Support Files/Pods-PlankRecTests/Pods-PlankRecTests.release.xcconfig"; sourceTree = "<group>"; };
		C209E17D3F2F36728DF01925 /* Pods-PlankRec-PlankRecUITests.release.xcconfig */ = {isa = PBXFileReference; includeInIndex = 1; lastKnownFileType = text.xcconfig; name = "Pods-PlankRec-PlankRecUITests.release.xcconfig"; path = "Target Support Files/Pods-PlankRec-PlankRecUITests/Pods-PlankRec-PlankRecUITests.release.xcconfig"; sourceTree = "<group>"; };
		FD496290A09CB86F22B14024 /* Pods-PlankRec.debug.xcconfig */ = {isa = PBXFileReference; includeInIndex = 1; lastKnownFileType = text.xcconfig; name = "Pods-PlankRec.debug.xcconfig"; path = "Target Support Files/Pods-PlankRec/Pods-PlankRec.debug.xcconfig"; sourceTree = "<group>"; };
/* End PBXFileReference section */

/* Begin PBXFrameworksBuildPhase section */
		182AF19029ED2220006643ED /* Frameworks */ = {
			isa = PBXFrameworksBuildPhase;
			buildActionMask = 2147483647;
			files = (
				AE3D89BC35DA0403C015194C /* Pods_PlankRec.framework in Frameworks */,
			);
			runOnlyForDeploymentPostprocessing = 0;
		};
		182AF1A929ED2222006643ED /* Frameworks */ = {
			isa = PBXFrameworksBuildPhase;
			buildActionMask = 2147483647;
			files = (
				D7F1655E26D7C552A2C5593D /* Pods_PlankRecTests.framework in Frameworks */,
			);
			runOnlyForDeploymentPostprocessing = 0;
		};
		182AF1B329ED2222006643ED /* Frameworks */ = {
			isa = PBXFrameworksBuildPhase;
			buildActionMask = 2147483647;
			files = (
				4FFCEE93C2CA8E63ACC53C49 /* Pods_PlankRec_PlankRecUITests.framework in Frameworks */,
			);
			runOnlyForDeploymentPostprocessing = 0;
		};
/* End PBXFrameworksBuildPhase section */

/* Begin PBXGroup section */
		182AF18A29ED2220006643ED = {
			isa = PBXGroup;
			children = (
				182AF19529ED2221006643ED /* PlankRec */,
				182AF1AF29ED2222006643ED /* PlankRecTests */,
				182AF1B929ED2222006643ED /* PlankRecUITests */,
				182AF19429ED2221006643ED /* Products */,
				57BE7EEA151E072FCBC261A2 /* Pods */,
				45B9121E4885FBB7835D12C1 /* Frameworks */,
			);
			sourceTree = "<group>";
		};
		182AF19429ED2221006643ED /* Products */ = {
			isa = PBXGroup;
			children = (
				182AF19329ED2220006643ED /* PlankRec.app */,
				182AF1AC29ED2222006643ED /* PlankRecTests.xctest */,
				182AF1B629ED2222006643ED /* PlankRecUITests.xctest */,
			);
			name = Products;
			sourceTree = "<group>";
		};
		182AF19529ED2221006643ED /* PlankRec */ = {
			isa = PBXGroup;
			children = (
				182AF19629ED2221006643ED /* AppDelegate.swift */,
				182AF19829ED2221006643ED /* SceneDelegate.swift */,
				182AF19A29ED2221006643ED /* StartViewController.swift */,
				182AF1CB29ED246B006643ED /* RecTableViewController.swift */,
				182AF1C929ED244F006643ED /* PlankViewController.swift */,
				185907C429EECA74001C0848 /* PlankTime.swift */,
				185907C229EE8883001C0848 /* AQI.swift */,
				182AF19C29ED2221006643ED /* Main.storyboard */,
				182AF1A229ED2221006643ED /* Assets.xcassets */,
				182AF1A729ED2221006643ED /* Info.plist */,
				182AF1CD29ED4617006643ED /* DataModel.xcdatamodeld */,
			);
			path = PlankRec;
			sourceTree = "<group>";
		};
		182AF1AF29ED2222006643ED /* PlankRecTests */ = {
			isa = PBXGroup;
			children = (
				182AF1B029ED2222006643ED /* PlankRecTests.swift */,
			);
			path = PlankRecTests;
			sourceTree = "<group>";
		};
		182AF1B929ED2222006643ED /* PlankRecUITests */ = {
			isa = PBXGroup;
			children = (
				182AF1BA29ED2222006643ED /* PlankRecUITests.swift */,
				182AF1BC29ED2222006643ED /* PlankRecUITestsLaunchTests.swift */,
			);
			path = PlankRecUITests;
			sourceTree = "<group>";
		};
		45B9121E4885FBB7835D12C1 /* Frameworks */ = {
			isa = PBXGroup;
			children = (
				A1ECFA4E6015AD651D285B7D /* Pods_PlankRec.framework */,
				A26AF85338DF417A5C270E24 /* Pods_PlankRec_PlankRecUITests.framework */,
				64F10689712E4FBBB8F980AE /* Pods_PlankRecTests.framework */,
			);
			name = Frameworks;
			sourceTree = "<group>";
		};
		57BE7EEA151E072FCBC261A2 /* Pods */ = {
			isa = PBXGroup;
			children = (
				FD496290A09CB86F22B14024 /* Pods-PlankRec.debug.xcconfig */,
				AED8B68FD54A187AB86C69E9 /* Pods-PlankRec.release.xcconfig */,
				58D3BA4F5CEF8C09B7FFBCB4 /* Pods-PlankRec-PlankRecUITests.debug.xcconfig */,
				C209E17D3F2F36728DF01925 /* Pods-PlankRec-PlankRecUITests.release.xcconfig */,
				2D3D98804EB9A6A49DE17CE6 /* Pods-PlankRecTests.debug.xcconfig */,
				BD26EFC2CDC0B4D3C3A5224E /* Pods-PlankRecTests.release.xcconfig */,
			);
			path = Pods;
			sourceTree = "<group>";
		};
/* End PBXGroup section */

/* Begin PBXNativeTarget section */
		182AF19229ED2220006643ED /* PlankRec */ = {
			isa = PBXNativeTarget;
			buildConfigurationList = 182AF1C029ED2222006643ED /* Build configuration list for PBXNativeTarget "PlankRec" */;
			buildPhases = (
				154B504AFC44B5C35CCFD535 /* [CP] Check Pods Manifest.lock */,
				182AF18F29ED2220006643ED /* Sources */,
				182AF19029ED2220006643ED /* Frameworks */,
				182AF19129ED2220006643ED /* Resources */,
				A49B8FD5CF63D39E9345D4DE /* [CP] Embed Pods Frameworks */,
			);
			buildRules = (
			);
			dependencies = (
			);
			name = PlankRec;
			productName = PlankRec;
			productReference = 182AF19329ED2220006643ED /* PlankRec.app */;
			productType = "com.apple.product-type.application";
		};
		182AF1AB29ED2222006643ED /* PlankRecTests */ = {
			isa = PBXNativeTarget;
			buildConfigurationList = 182AF1C329ED2222006643ED /* Build configuration list for PBXNativeTarget "PlankRecTests" */;
			buildPhases = (
				D93CCA60AFCAFF663D42A056 /* [CP] Check Pods Manifest.lock */,
				182AF1A829ED2222006643ED /* Sources */,
				182AF1A929ED2222006643ED /* Frameworks */,
				182AF1AA29ED2222006643ED /* Resources */,
			);
			buildRules = (
			);
			dependencies = (
				182AF1AE29ED2222006643ED /* PBXTargetDependency */,
			);
			name = PlankRecTests;
			productName = PlankRecTests;
			productReference = 182AF1AC29ED2222006643ED /* PlankRecTests.xctest */;
			productType = "com.apple.product-type.bundle.unit-test";
		};
		182AF1B529ED2222006643ED /* PlankRecUITests */ = {
			isa = PBXNativeTarget;
			buildConfigurationList = 182AF1C629ED2222006643ED /* Build configuration list for PBXNativeTarget "PlankRecUITests" */;
			buildPhases = (
				137E170AB96C546938DE3880 /* [CP] Check Pods Manifest.lock */,
				182AF1B229ED2222006643ED /* Sources */,
				182AF1B329ED2222006643ED /* Frameworks */,
				182AF1B429ED2222006643ED /* Resources */,
				0D54ECFE3867BDA04852B3A6 /* [CP] Embed Pods Frameworks */,
			);
			buildRules = (
			);
			dependencies = (
				182AF1B829ED2222006643ED /* PBXTargetDependency */,
			);
			name = PlankRecUITests;
			productName = PlankRecUITests;
			productReference = 182AF1B629ED2222006643ED /* PlankRecUITests.xctest */;
			productType = "com.apple.product-type.bundle.ui-testing";
		};
/* End PBXNativeTarget section */

/* Begin PBXProject section */
		182AF18B29ED2220006643ED /* Project object */ = {
			isa = PBXProject;
			attributes = {
				BuildIndependentTargetsInParallel = 1;
				LastSwiftUpdateCheck = 1420;
				LastUpgradeCheck = 1420;
				TargetAttributes = {
					182AF19229ED2220006643ED = {
						CreatedOnToolsVersion = 14.2;
					};
					182AF1AB29ED2222006643ED = {
						CreatedOnToolsVersion = 14.2;
						TestTargetID = 182AF19229ED2220006643ED;
					};
					182AF1B529ED2222006643ED = {
						CreatedOnToolsVersion = 14.2;
						TestTargetID = 182AF19229ED2220006643ED;
					};
				};
			};
			buildConfigurationList = 182AF18E29ED2220006643ED /* Build configuration list for PBXProject "PlankRec" */;
			compatibilityVersion = "Xcode 14.0";
			developmentRegion = en;
			hasScannedForEncodings = 0;
			knownRegions = (
				en,
				Base,
			);
			mainGroup = 182AF18A29ED2220006643ED;
			productRefGroup = 182AF19429ED2221006643ED /* Products */;
			projectDirPath = "";
			projectRoot = "";
			targets = (
				182AF19229ED2220006643ED /* PlankRec */,
				182AF1AB29ED2222006643ED /* PlankRecTests */,
				182AF1B529ED2222006643ED /* PlankRecUITests */,
			);
		};
/* End PBXProject section */

/* Begin PBXResourcesBuildPhase section */
		182AF19129ED2220006643ED /* Resources */ = {
			isa = PBXResourcesBuildPhase;
			buildActionMask = 2147483647;
			files = (
				182AF1A329ED2221006643ED /* Assets.xcassets in Resources */,
				182AF19E29ED2221006643ED /* Main.storyboard in Resources */,
			);
			runOnlyForDeploymentPostprocessing = 0;
		};
		182AF1AA29ED2222006643ED /* Resources */ = {
			isa = PBXResourcesBuildPhase;
			buildActionMask = 2147483647;
			files = (
			);
			runOnlyForDeploymentPostprocessing = 0;
		};
		182AF1B429ED2222006643ED /* Resources */ = {
			isa = PBXResourcesBuildPhase;
			buildActionMask = 2147483647;
			files = (
			);
			runOnlyForDeploymentPostprocessing = 0;
		};
/* End PBXResourcesBuildPhase section */

/* Begin PBXShellScriptBuildPhase section */
		0D54ECFE3867BDA04852B3A6 /* [CP] Embed Pods Frameworks */ = {
			isa = PBXShellScriptBuildPhase;
			buildActionMask = 2147483647;
			files = (
			);
			inputFileListPaths = (
				"${PODS_ROOT}/Target Support Files/Pods-PlankRec-PlankRecUITests/Pods-PlankRec-PlankRecUITests-frameworks-${CONFIGURATION}-input-files.xcfilelist",
			);
			name = "[CP] Embed Pods Frameworks";
			outputFileListPaths = (
				"${PODS_ROOT}/Target Support Files/Pods-PlankRec-PlankRecUITests/Pods-PlankRec-PlankRecUITests-frameworks-${CONFIGURATION}-output-files.xcfilelist",
			);
			runOnlyForDeploymentPostprocessing = 0;
			shellPath = /bin/sh;
			shellScript = "\"${PODS_ROOT}/Target Support Files/Pods-PlankRec-PlankRecUITests/Pods-PlankRec-PlankRecUITests-frameworks.sh\"\n";
			showEnvVarsInLog = 0;
		};
		137E170AB96C546938DE3880 /* [CP] Check Pods Manifest.lock */ = {
			isa = PBXShellScriptBuildPhase;
			buildActionMask = 2147483647;
			files = (
			);
			inputFileListPaths = (
			);
			inputPaths = (
				"${PODS_PODFILE_DIR_PATH}/Podfile.lock",
				"${PODS_ROOT}/Manifest.lock",
			);
			name = "[CP] Check Pods Manifest.lock";
			outputFileListPaths = (
			);
			outputPaths = (
				"$(DERIVED_FILE_DIR)/Pods-PlankRec-PlankRecUITests-checkManifestLockResult.txt",
			);
			runOnlyForDeploymentPostprocessing = 0;
			shellPath = /bin/sh;
			shellScript = "diff \"${PODS_PODFILE_DIR_PATH}/Podfile.lock\" \"${PODS_ROOT}/Manifest.lock\" > /dev/null\nif [ $? != 0 ] ; then\n    # print error to STDERR\n    echo \"error: The sandbox is not in sync with the Podfile.lock. Run 'pod install' or update your CocoaPods installation.\" >&2\n    exit 1\nfi\n# This output is used by Xcode 'outputs' to avoid re-running this script phase.\necho \"SUCCESS\" > \"${SCRIPT_OUTPUT_FILE_0}\"\n";
			showEnvVarsInLog = 0;
		};
		154B504AFC44B5C35CCFD535 /* [CP] Check Pods Manifest.lock */ = {
			isa = PBXShellScriptBuildPhase;
			buildActionMask = 2147483647;
			files = (
			);
			inputFileListPaths = (
			);
			inputPaths = (
				"${PODS_PODFILE_DIR_PATH}/Podfile.lock",
				"${PODS_ROOT}/Manifest.lock",
			);
			name = "[CP] Check Pods Manifest.lock";
			outputFileListPaths = (
			);
			outputPaths = (
				"$(DERIVED_FILE_DIR)/Pods-PlankRec-checkManifestLockResult.txt",
			);
			runOnlyForDeploymentPostprocessing = 0;
			shellPath = /bin/sh;
			shellScript = "diff \"${PODS_PODFILE_DIR_PATH}/Podfile.lock\" \"${PODS_ROOT}/Manifest.lock\" > /dev/null\nif [ $? != 0 ] ; then\n    # print error to STDERR\n    echo \"error: The sandbox is not in sync with the Podfile.lock. Run 'pod install' or update your CocoaPods installation.\" >&2\n    exit 1\nfi\n# This output is used by Xcode 'outputs' to avoid re-running this script phase.\necho \"SUCCESS\" > \"${SCRIPT_OUTPUT_FILE_0}\"\n";
			showEnvVarsInLog = 0;
		};
		A49B8FD5CF63D39E9345D4DE /* [CP] Embed Pods Frameworks */ = {
			isa = PBXShellScriptBuildPhase;
			buildActionMask = 2147483647;
			files = (
			);
			inputFileListPaths = (
				"${PODS_ROOT}/Target Support Files/Pods-PlankRec/Pods-PlankRec-frameworks-${CONFIGURATION}-input-files.xcfilelist",
			);
			name = "[CP] Embed Pods Frameworks";
			outputFileListPaths = (
				"${PODS_ROOT}/Target Support Files/Pods-PlankRec/Pods-PlankRec-frameworks-${CONFIGURATION}-output-files.xcfilelist",
			);
			runOnlyForDeploymentPostprocessing = 0;
			shellPath = /bin/sh;
			shellScript = "\"${PODS_ROOT}/Target Support Files/Pods-PlankRec/Pods-PlankRec-frameworks.sh\"\n";
			showEnvVarsInLog = 0;
		};
		D93CCA60AFCAFF663D42A056 /* [CP] Check Pods Manifest.lock */ = {
			isa = PBXShellScriptBuildPhase;
			buildActionMask = 2147483647;
			files = (
			);
			inputFileListPaths = (
			);
			inputPaths = (
				"${PODS_PODFILE_DIR_PATH}/Podfile.lock",
				"${PODS_ROOT}/Manifest.lock",
			);
			name = "[CP] Check Pods Manifest.lock";
			outputFileListPaths = (
			);
			outputPaths = (
				"$(DERIVED_FILE_DIR)/Pods-PlankRecTests-checkManifestLockResult.txt",
			);
			runOnlyForDeploymentPostprocessing = 0;
			shellPath = /bin/sh;
			shellScript = "diff \"${PODS_PODFILE_DIR_PATH}/Podfile.lock\" \"${PODS_ROOT}/Manifest.lock\" > /dev/null\nif [ $? != 0 ] ; then\n    # print error to STDERR\n    echo \"error: The sandbox is not in sync with the Podfile.lock. Run 'pod install' or update your CocoaPods installation.\" >&2\n    exit 1\nfi\n# This output is used by Xcode 'outputs' to avoid re-running this script phase.\necho \"SUCCESS\" > \"${SCRIPT_OUTPUT_FILE_0}\"\n";
			showEnvVarsInLog = 0;
		};
/* End PBXShellScriptBuildPhase section */

/* Begin PBXSourcesBuildPhase section */
		182AF18F29ED2220006643ED /* Sources */ = {
			isa = PBXSourcesBuildPhase;
			buildActionMask = 2147483647;
			files = (
				182AF1CA29ED244F006643ED /* PlankViewController.swift in Sources */,
				182AF19B29ED2221006643ED /* StartViewController.swift in Sources */,
				182AF1CC29ED246B006643ED /* RecTableViewController.swift in Sources */,
				182AF1CF29ED4617006643ED /* DataModel.xcdatamodeld in Sources */,
				182AF19729ED2221006643ED /* AppDelegate.swift in Sources */,
				182AF19929ED2221006643ED /* SceneDelegate.swift in Sources */,
				185907C329EE8883001C0848 /* AQI.swift in Sources */,
				185907C529EECA74001C0848 /* PlankTime.swift in Sources */,
			);
			runOnlyForDeploymentPostprocessing = 0;
		};
		182AF1A829ED2222006643ED /* Sources */ = {
			isa = PBXSourcesBuildPhase;
			buildActionMask = 2147483647;
			files = (
				182AF1B129ED2222006643ED /* PlankRecTests.swift in Sources */,
			);
			runOnlyForDeploymentPostprocessing = 0;
		};
		182AF1B229ED2222006643ED /* Sources */ = {
			isa = PBXSourcesBuildPhase;
			buildActionMask = 2147483647;
			files = (
				182AF1BD29ED2222006643ED /* PlankRecUITestsLaunchTests.swift in Sources */,
				182AF1BB29ED2222006643ED /* PlankRecUITests.swift in Sources */,
			);
			runOnlyForDeploymentPostprocessing = 0;
		};
/* End PBXSourcesBuildPhase section */

/* Begin PBXTargetDependency section */
		182AF1AE29ED2222006643ED /* PBXTargetDependency */ = {
			isa = PBXTargetDependency;
			target = 182AF19229ED2220006643ED /* PlankRec */;
			targetProxy = 182AF1AD29ED2222006643ED /* PBXContainerItemProxy */;
		};
		182AF1B829ED2222006643ED /* PBXTargetDependency */ = {
			isa = PBXTargetDependency;
			target = 182AF19229ED2220006643ED /* PlankRec */;
			targetProxy = 182AF1B729ED2222006643ED /* PBXContainerItemProxy */;
		};
/* End PBXTargetDependency section */

/* Begin PBXVariantGroup section */
		182AF19C29ED2221006643ED /* Main.storyboard */ = {
			isa = PBXVariantGroup;
			children = (
				182AF19D29ED2221006643ED /* Base */,
			);
			name = Main.storyboard;
			sourceTree = "<group>";
		};
/* End PBXVariantGroup section */

/* Begin XCBuildConfiguration section */
		182AF1BE29ED2222006643ED /* Debug */ = {
			isa = XCBuildConfiguration;
			buildSettings = {
				ALWAYS_SEARCH_USER_PATHS = NO;
				CLANG_ANALYZER_NONNULL = YES;
				CLANG_ANALYZER_NUMBER_OBJECT_CONVERSION = YES_AGGRESSIVE;
				CLANG_CXX_LANGUAGE_STANDARD = "gnu++20";
				CLANG_ENABLE_MODULES = YES;
				CLANG_ENABLE_OBJC_ARC = YES;
				CLANG_ENABLE_OBJC_WEAK = YES;
				CLANG_WARN_BLOCK_CAPTURE_AUTORELEASING = YES;
				CLANG_WARN_BOOL_CONVERSION = YES;
				CLANG_WARN_COMMA = YES;
				CLANG_WARN_CONSTANT_CONVERSION = YES;
				CLANG_WARN_DEPRECATED_OBJC_IMPLEMENTATIONS = YES;
				CLANG_WARN_DIRECT_OBJC_ISA_USAGE = YES_ERROR;
				CLANG_WARN_DOCUMENTATION_COMMENTS = YES;
				CLANG_WARN_EMPTY_BODY = YES;
				CLANG_WARN_ENUM_CONVERSION = YES;
				CLANG_WARN_INFINITE_RECURSION = YES;
				CLANG_WARN_INT_CONVERSION = YES;
				CLANG_WARN_NON_LITERAL_NULL_CONVERSION = YES;
				CLANG_WARN_OBJC_IMPLICIT_RETAIN_SELF = YES;
				CLANG_WARN_OBJC_LITERAL_CONVERSION = YES;
				CLANG_WARN_OBJC_ROOT_CLASS = YES_ERROR;
				CLANG_WARN_QUOTED_INCLUDE_IN_FRAMEWORK_HEADER = YES;
				CLANG_WARN_RANGE_LOOP_ANALYSIS = YES;
				CLANG_WARN_STRICT_PROTOTYPES = YES;
				CLANG_WARN_SUSPICIOUS_MOVE = YES;
				CLANG_WARN_UNGUARDED_AVAILABILITY = YES_AGGRESSIVE;
				CLANG_WARN_UNREACHABLE_CODE = YES;
				CLANG_WARN__DUPLICATE_METHOD_MATCH = YES;
				COPY_PHASE_STRIP = NO;
				DEBUG_INFORMATION_FORMAT = dwarf;
				ENABLE_STRICT_OBJC_MSGSEND = YES;
				ENABLE_TESTABILITY = YES;
				GCC_C_LANGUAGE_STANDARD = gnu11;
				GCC_DYNAMIC_NO_PIC = NO;
				GCC_NO_COMMON_BLOCKS = YES;
				GCC_OPTIMIZATION_LEVEL = 0;
				GCC_PREPROCESSOR_DEFINITIONS = (
					"DEBUG=1",
					"$(inherited)",
				);
				GCC_WARN_64_TO_32_BIT_CONVERSION = YES;
				GCC_WARN_ABOUT_RETURN_TYPE = YES_ERROR;
				GCC_WARN_UNDECLARED_SELECTOR = YES;
				GCC_WARN_UNINITIALIZED_AUTOS = YES_AGGRESSIVE;
				GCC_WARN_UNUSED_FUNCTION = YES;
				GCC_WARN_UNUSED_VARIABLE = YES;
				IPHONEOS_DEPLOYMENT_TARGET = 16.2;
				MTL_ENABLE_DEBUG_INFO = INCLUDE_SOURCE;
				MTL_FAST_MATH = YES;
				ONLY_ACTIVE_ARCH = YES;
				SDKROOT = iphoneos;
				SWIFT_ACTIVE_COMPILATION_CONDITIONS = DEBUG;
				SWIFT_OPTIMIZATION_LEVEL = "-Onone";
			};
			name = Debug;
		};
		182AF1BF29ED2222006643ED /* Release */ = {
			isa = XCBuildConfiguration;
			buildSettings = {
				ALWAYS_SEARCH_USER_PATHS = NO;
				CLANG_ANALYZER_NONNULL = YES;
				CLANG_ANALYZER_NUMBER_OBJECT_CONVERSION = YES_AGGRESSIVE;
				CLANG_CXX_LANGUAGE_STANDARD = "gnu++20";
				CLANG_ENABLE_MODULES = YES;
				CLANG_ENABLE_OBJC_ARC = YES;
				CLANG_ENABLE_OBJC_WEAK = YES;
				CLANG_WARN_BLOCK_CAPTURE_AUTORELEASING = YES;
				CLANG_WARN_BOOL_CONVERSION = YES;
				CLANG_WARN_COMMA = YES;
				CLANG_WARN_CONSTANT_CONVERSION = YES;
				CLANG_WARN_DEPRECATED_OBJC_IMPLEMENTATIONS = YES;
				CLANG_WARN_DIRECT_OBJC_ISA_USAGE = YES_ERROR;
				CLANG_WARN_DOCUMENTATION_COMMENTS = YES;
				CLANG_WARN_EMPTY_BODY = YES;
				CLANG_WARN_ENUM_CONVERSION = YES;
				CLANG_WARN_INFINITE_RECURSION = YES;
				CLANG_WARN_INT_CONVERSION = YES;
				CLANG_WARN_NON_LITERAL_NULL_CONVERSION = YES;
				CLANG_WARN_OBJC_IMPLICIT_RETAIN_SELF = YES;
				CLANG_WARN_OBJC_LITERAL_CONVERSION = YES;
				CLANG_WARN_OBJC_ROOT_CLASS = YES_ERROR;
				CLANG_WARN_QUOTED_INCLUDE_IN_FRAMEWORK_HEADER = YES;
				CLANG_WARN_RANGE_LOOP_ANALYSIS = YES;
				CLANG_WARN_STRICT_PROTOTYPES = YES;
				CLANG_WARN_SUSPICIOUS_MOVE = YES;
				CLANG_WARN_UNGUARDED_AVAILABILITY = YES_AGGRESSIVE;
				CLANG_WARN_UNREACHABLE_CODE = YES;
				CLANG_WARN__DUPLICATE_METHOD_MATCH = YES;
				COPY_PHASE_STRIP = NO;
				DEBUG_INFORMATION_FORMAT = "dwarf-with-dsym";
				ENABLE_NS_ASSERTIONS = NO;
				ENABLE_STRICT_OBJC_MSGSEND = YES;
				GCC_C_LANGUAGE_STANDARD = gnu11;
				GCC_NO_COMMON_BLOCKS = YES;
				GCC_WARN_64_TO_32_BIT_CONVERSION = YES;
				GCC_WARN_ABOUT_RETURN_TYPE = YES_ERROR;
				GCC_WARN_UNDECLARED_SELECTOR = YES;
				GCC_WARN_UNINITIALIZED_AUTOS = YES_AGGRESSIVE;
				GCC_WARN_UNUSED_FUNCTION = YES;
				GCC_WARN_UNUSED_VARIABLE = YES;
				IPHONEOS_DEPLOYMENT_TARGET = 16.2;
				MTL_ENABLE_DEBUG_INFO = NO;
				MTL_FAST_MATH = YES;
				SDKROOT = iphoneos;
				SWIFT_COMPILATION_MODE = wholemodule;
				SWIFT_OPTIMIZATION_LEVEL = "-O";
				VALIDATE_PRODUCT = YES;
			};
			name = Release;
		};
		182AF1C129ED2222006643ED /* Debug */ = {
			isa = XCBuildConfiguration;
			baseConfigurationReference = FD496290A09CB86F22B14024 /* Pods-PlankRec.debug.xcconfig */;
			buildSettings = {
				ASSETCATALOG_COMPILER_APPICON_NAME = AppIcon;
				ASSETCATALOG_COMPILER_GLOBAL_ACCENT_COLOR_NAME = AccentColor;
				CODE_SIGN_STYLE = Automatic;
				CURRENT_PROJECT_VERSION = 1;
				GENERATE_INFOPLIST_FILE = YES;
				INFOPLIST_FILE = PlankRec/Info.plist;
				INFOPLIST_KEY_UIApplicationSupportsIndirectInputEvents = YES;
				INFOPLIST_KEY_UILaunchStoryboardName = LaunchScreen;
				INFOPLIST_KEY_UIMainStoryboardFile = Main;
				INFOPLIST_KEY_UISupportedInterfaceOrientations_iPad = "UIInterfaceOrientationPortrait UIInterfaceOrientationPortraitUpsideDown UIInterfaceOrientationLandscapeLeft UIInterfaceOrientationLandscapeRight";
				INFOPLIST_KEY_UISupportedInterfaceOrientations_iPhone = "UIInterfaceOrientationPortrait UIInterfaceOrientationLandscapeLeft UIInterfaceOrientationLandscapeRight";
				IPHONEOS_DEPLOYMENT_TARGET = 16.2;
				LD_RUNPATH_SEARCH_PATHS = (
					"$(inherited)",
					"@executable_path/Frameworks",
				);
				MARKETING_VERSION = 1.0;
				PRODUCT_BUNDLE_IDENTIFIER = com.saba.PlankRec;
				PRODUCT_NAME = "$(TARGET_NAME)";
				SWIFT_EMIT_LOC_STRINGS = YES;
				SWIFT_VERSION = 5.0;
				TARGETED_DEVICE_FAMILY = "1,2";
			};
			name = Debug;
		};
		182AF1C229ED2222006643ED /* Release */ = {
			isa = XCBuildConfiguration;
			baseConfigurationReference = AED8B68FD54A187AB86C69E9 /* Pods-PlankRec.release.xcconfig */;
			buildSettings = {
				ASSETCATALOG_COMPILER_APPICON_NAME = AppIcon;
				ASSETCATALOG_COMPILER_GLOBAL_ACCENT_COLOR_NAME = AccentColor;
				CODE_SIGN_STYLE = Automatic;
				CURRENT_PROJECT_VERSION = 1;
				GENERATE_INFOPLIST_FILE = YES;
				INFOPLIST_FILE = PlankRec/Info.plist;
				INFOPLIST_KEY_UIApplicationSupportsIndirectInputEvents = YES;
				INFOPLIST_KEY_UILaunchStoryboardName = LaunchScreen;
				INFOPLIST_KEY_UIMainStoryboardFile = Main;
				INFOPLIST_KEY_UISupportedInterfaceOrientations_iPad = "UIInterfaceOrientationPortrait UIInterfaceOrientationPortraitUpsideDown UIInterfaceOrientationLandscapeLeft UIInterfaceOrientationLandscapeRight";
				INFOPLIST_KEY_UISupportedInterfaceOrientations_iPhone = "UIInterfaceOrientationPortrait UIInterfaceOrientationLandscapeLeft UIInterfaceOrientationLandscapeRight";
				IPHONEOS_DEPLOYMENT_TARGET = 16.2;
				LD_RUNPATH_SEARCH_PATHS = (
					"$(inherited)",
					"@executable_path/Frameworks",
				);
				MARKETING_VERSION = 1.0;
				PRODUCT_BUNDLE_IDENTIFIER = com.saba.PlankRec;
				PRODUCT_NAME = "$(TARGET_NAME)";
				SWIFT_EMIT_LOC_STRINGS = YES;
				SWIFT_VERSION = 5.0;
				TARGETED_DEVICE_FAMILY = "1,2";
			};
			name = Release;
		};
		182AF1C429ED2222006643ED /* Debug */ = {
			isa = XCBuildConfiguration;
			baseConfigurationReference = 2D3D98804EB9A6A49DE17CE6 /* Pods-PlankRecTests.debug.xcconfig */;
			buildSettings = {
				ALWAYS_EMBED_SWIFT_STANDARD_LIBRARIES = YES;
				BUNDLE_LOADER = "$(TEST_HOST)";
				CODE_SIGN_STYLE = Automatic;
				CURRENT_PROJECT_VERSION = 1;
				GENERATE_INFOPLIST_FILE = YES;
				IPHONEOS_DEPLOYMENT_TARGET = 16.2;
				MARKETING_VERSION = 1.0;
				PRODUCT_BUNDLE_IDENTIFIER = com.saba.PlankRecTests;
				PRODUCT_NAME = "$(TARGET_NAME)";
				SWIFT_EMIT_LOC_STRINGS = NO;
				SWIFT_VERSION = 5.0;
				TARGETED_DEVICE_FAMILY = "1,2";
				TEST_HOST = "$(BUILT_PRODUCTS_DIR)/PlankRec.app/$(BUNDLE_EXECUTABLE_FOLDER_PATH)/PlankRec";
			};
			name = Debug;
		};
		182AF1C529ED2222006643ED /* Release */ = {
			isa = XCBuildConfiguration;
			baseConfigurationReference = BD26EFC2CDC0B4D3C3A5224E /* Pods-PlankRecTests.release.xcconfig */;
			buildSettings = {
				ALWAYS_EMBED_SWIFT_STANDARD_LIBRARIES = YES;
				BUNDLE_LOADER = "$(TEST_HOST)";
				CODE_SIGN_STYLE = Automatic;
				CURRENT_PROJECT_VERSION = 1;
				GENERATE_INFOPLIST_FILE = YES;
				IPHONEOS_DEPLOYMENT_TARGET = 16.2;
				MARKETING_VERSION = 1.0;
				PRODUCT_BUNDLE_IDENTIFIER = com.saba.PlankRecTests;
				PRODUCT_NAME = "$(TARGET_NAME)";
				SWIFT_EMIT_LOC_STRINGS = NO;
				SWIFT_VERSION = 5.0;
				TARGETED_DEVICE_FAMILY = "1,2";
				TEST_HOST = "$(BUILT_PRODUCTS_DIR)/PlankRec.app/$(BUNDLE_EXECUTABLE_FOLDER_PATH)/PlankRec";
			};
			name = Release;
		};
		182AF1C729ED2222006643ED /* Debug */ = {
			isa = XCBuildConfiguration;
			baseConfigurationReference = 58D3BA4F5CEF8C09B7FFBCB4 /* Pods-PlankRec-PlankRecUITests.debug.xcconfig */;
			buildSettings = {
				ALWAYS_EMBED_SWIFT_STANDARD_LIBRARIES = YES;
				CODE_SIGN_STYLE = Automatic;
				CURRENT_PROJECT_VERSION = 1;
				GENERATE_INFOPLIST_FILE = YES;
				MARKETING_VERSION = 1.0;
				PRODUCT_BUNDLE_IDENTIFIER = com.saba.PlankRecUITests;
				PRODUCT_NAME = "$(TARGET_NAME)";
				SWIFT_EMIT_LOC_STRINGS = NO;
				SWIFT_VERSION = 5.0;
				TARGETED_DEVICE_FAMILY = "1,2";
				TEST_TARGET_NAME = PlankRec;
			};
			name = Debug;
		};
		182AF1C829ED2222006643ED /* Release */ = {
			isa = XCBuildConfiguration;
			baseConfigurationReference = C209E17D3F2F36728DF01925 /* Pods-PlankRec-PlankRecUITests.release.xcconfig */;
			buildSettings = {
				ALWAYS_EMBED_SWIFT_STANDARD_LIBRARIES = YES;
				CODE_SIGN_STYLE = Automatic;
				CURRENT_PROJECT_VERSION = 1;
				GENERATE_INFOPLIST_FILE = YES;
				MARKETING_VERSION = 1.0;
				PRODUCT_BUNDLE_IDENTIFIER = com.saba.PlankRecUITests;
				PRODUCT_NAME = "$(TARGET_NAME)";
				SWIFT_EMIT_LOC_STRINGS = NO;
				SWIFT_VERSION = 5.0;
				TARGETED_DEVICE_FAMILY = "1,2";
				TEST_TARGET_NAME = PlankRec;
			};
			name = Release;
		};
/* End XCBuildConfiguration section */

/* Begin XCConfigurationList section */
		182AF18E29ED2220006643ED /* Build configuration list for PBXProject "PlankRec" */ = {
			isa = XCConfigurationList;
			buildConfigurations = (
				182AF1BE29ED2222006643ED /* Debug */,
				182AF1BF29ED2222006643ED /* Release */,
			);
			defaultConfigurationIsVisible = 0;
			defaultConfigurationName = Release;
		};
		182AF1C029ED2222006643ED /* Build configuration list for PBXNativeTarget "PlankRec" */ = {
			isa = XCConfigurationList;
			buildConfigurations = (
				182AF1C129ED2222006643ED /* Debug */,
				182AF1C229ED2222006643ED /* Release */,
			);
			defaultConfigurationIsVisible = 0;
			defaultConfigurationName = Release;
		};
		182AF1C329ED2222006643ED /* Build configuration list for PBXNativeTarget "PlankRecTests" */ = {
			isa = XCConfigurationList;
			buildConfigurations = (
				182AF1C429ED2222006643ED /* Debug */,
				182AF1C529ED2222006643ED /* Release */,
			);
			defaultConfigurationIsVisible = 0;
			defaultConfigurationName = Release;
		};
		182AF1C629ED2222006643ED /* Build configuration list for PBXNativeTarget "PlankRecUITests" */ = {
			isa = XCConfigurationList;
			buildConfigurations = (
				182AF1C729ED2222006643ED /* Debug */,
				182AF1C829ED2222006643ED /* Release */,
			);
			defaultConfigurationIsVisible = 0;
			defaultConfigurationName = Release;
		};
/* End XCConfigurationList section */

/* Begin XCVersionGroup section */
		182AF1CD29ED4617006643ED /* DataModel.xcdatamodeld */ = {
			isa = XCVersionGroup;
			children = (
				182AF1CE29ED4617006643ED /* DataModel.xcdatamodel */,
			);
			currentVersion = 182AF1CE29ED4617006643ED /* DataModel.xcdatamodel */;
			path = DataModel.xcdatamodeld;
			sourceTree = "<group>";
			usesTabs = 0;
			versionGroupType = wrapper.xcdatamodel;
		};
/* End XCVersionGroup section */
	};
	rootObject = 182AF18B29ED2220006643ED /* Project object */;
}
